# THIS IS AN AUTOGENERATED FILE. DO NOT EDIT THIS FILE DIRECTLY.
# yarn lockfile v1


page.js@^4.13.3:
  version "4.13.3"
  resolved "https://registry.yarnpkg.com/page.js/-/page.js-4.13.3.tgz#d5f7febedd15ac851ad18d3e4ff45d54c320276e"
  dependencies:
    path-to-regexp "0.1.7"

path-to-regexp@0.1.7:
  version "0.1.7"
  resolved "https://registry.yarnpkg.com/path-to-regexp/-/path-to-regexp-0.1.7.tgz#df604178005f522f15eb4490e7247a1bfaa67f8c"
